Microsoft Visual Studio Solution File, Format Version 12.00
# Visual Studio 2012
Project("{FAE04EC0-301F-11D3-BF4B-00C04F79EFBC}") = "Godot3-RiskOfRainClone", "Godot3-RiskOfRainClone.csproj", "{9DB8F860-11FF-4A95-B87A-77611C1FEB0D}"
EndProject
Global
	GlobalSection(SolutionConfigurationPlatforms) = preSolution
	Debug|Any CPU = Debug|Any CPU
	Release|Any CPU = Release|Any CPU
	Tools|Any CPU = Tools|Any CPU
	EndGlobalSection
	GlobalSection(ProjectConfigurationPlatforms) = postSolution
		{9DB8F860-11FF-4A95-B87A-77611C1FEB0D}.Debug|Any CPU.ActiveCfg = Debug|Any CPU
		{9DB8F860-11FF-4A95-B87A-77611C1FEB0D}.Debug|Any CPU.Build.0 = Debug|Any CPU
		{9DB8F860-11FF-4A95-B87A-77611C1FEB0D}.Release|Any CPU.ActiveCfg = Release|Any CPU
		{9DB8F860-11FF-4A95-B87A-77611C1FEB0D}.Release|Any CPU.Build.0 = Release|Any CPU
		{9DB8F860-11FF-4A95-B87A-77611C1FEB0D}.Tools|Any CPU.ActiveCfg = Tools|Any CPU
		{9DB8F860-11FF-4A95-B87A-77611C1FEB0D}.Tools|Any CPU.Build.0 = Tools|Any CPU
	EndGlobalSection
EndGlobal
